<?xml version="1.0" encoding="utf-8"?>
<Project ToolsVersion="4.0" xmlns="http://schemas.microsoft.com/developer/msbuild/2003">
  <ItemGroup>
    <ClCompile Include="CustomAction.cpp" />
    <ClCompile Include="stdafx.cpp" />
    <ClCompile Include="JsonFile.cpp" />
  </ItemGroup>
  <ItemGroup>
    <ClInclude Include="stdafx.h" />
    <ClInclude Include="targetver.h" />
    <ClInclude Include="jsoncons\json.hpp">
      <Filter>jsoncons</Filter>
    </ClInclude>
    <ClInclude Include="jsoncons\json_decoder.hpp">
      <Filter>jsoncons</Filter>
    </ClInclude>
    <ClInclude Include="jsoncons\json_exception.hpp">
      <Filter>jsoncons</Filter>
    </ClInclude>
    <ClInclude Include="jsoncons\json_filter.hpp">
      <Filter>jsoncons</Filter>
    </ClInclude>
    <ClInclude Include="jsoncons\json_parser.hpp">
      <Filter>jsoncons</Filter>
    </ClInclude>
    <ClInclude Include="jsoncons\json_reader.hpp">
      <Filter>jsoncons</Filter>
    </ClInclude>
    <ClInclude Include="jsoncons\json_type_traits.hpp">
      <Filter>jsoncons</Filter>
    </ClInclude>
    <ClInclude Include="jsoncons_ext\jsonpath\json_query.hpp">
      <Filter>jsoncons_ext\jsonpath</Filter>
    </ClInclude>
    <ClInclude Include="jsoncons_ext\jsonpath\jsonpath_filter.hpp">
      <Filter>jsoncons_ext\jsonpath</Filter>
    </ClInclude>
    <ClInclude Include="jsoncons_ext\jsonpointer\jsonpointer.hpp">
      <Filter>jsoncons_ext\jsonpointer</Filter>
    </ClInclude>
    <ClInclude Include="jsoncons\config\binary_config.hpp" />
    <ClInclude Include="jsoncons\config\compiler_support.hpp" />
    <ClInclude Include="jsoncons\config\jsoncons_config.hpp" />
    <ClInclude Include="jsoncons\config\version.hpp" />
    <ClInclude Include="jsoncons\detail\endian.hpp" />
    <ClInclude Include="jsoncons\detail\grisu3.hpp" />
    <ClInclude Include="jsoncons\detail\more_type_traits.hpp" />
    <ClInclude Include="jsoncons\detail\optional.hpp" />
    <ClInclude Include="jsoncons\detail\parse_number.hpp" />
    <ClInclude Include="jsoncons\detail\span.hpp" />
    <ClInclude Include="jsoncons\detail\string_view.hpp" />
    <ClInclude Include="jsoncons\detail\string_wrapper.hpp" />
    <ClInclude Include="jsoncons\detail\write_number.hpp" />
    <ClInclude Include="jsoncons\allocator_holder.hpp" />
    <ClInclude Include="jsoncons\basic_json.hpp" />
    <ClInclude Include="jsoncons\bigint.hpp" />
    <ClInclude Include="jsoncons\byte_string.hpp" />
    <ClInclude Include="jsoncons\convert_error.hpp" />
    <ClInclude Include="jsoncons\converter.hpp" />
    <ClInclude Include="jsoncons\decode_json.hpp" />
    <ClInclude Include="jsoncons\decode_traits.hpp" />
    <ClInclude Include="jsoncons\encode_json.hpp" />
    <ClInclude Include="jsoncons\encode_traits.hpp" />
    <ClInclude Include="jsoncons\json_container_types.hpp" />
    <ClInclude Include="jsoncons\json_content_handler.hpp" />
    <ClInclude Include="jsoncons\json_cursor.hpp" />
    <ClInclude Include="jsoncons\json_encoder.hpp" />
    <ClInclude Include="jsoncons\json_error.hpp" />
    <ClInclude Include="jsoncons\json_fwd.hpp" />
    <ClInclude Include="jsoncons\json_options.hpp" />
    <ClInclude Include="jsoncons\json_traits_macros.hpp" />
    <ClInclude Include="jsoncons\json_traits_macros_deprecated.hpp" />
    <ClInclude Include="jsoncons\json_type.hpp" />
    <ClInclude Include="jsoncons\json_visitor.hpp" />
    <ClInclude Include="jsoncons\json_visitor2.hpp" />
    <ClInclude Include="jsoncons\pretty_print.hpp" />
    <ClInclude Include="jsoncons\ser_context.hpp" />
    <ClInclude Include="jsoncons\sink.hpp" />
    <ClInclude Include="jsoncons\source.hpp" />
    <ClInclude Include="jsoncons\staj_cursor.hpp" />
    <ClInclude Include="jsoncons\staj_iterator.hpp" />
    <ClInclude Include="jsoncons\tag_type.hpp" />
    <ClInclude Include="jsoncons\unicode_traits.hpp" />
    <ClInclude Include="jsoncons_ext\bson\bson.hpp" />
    <ClInclude Include="jsoncons_ext\bson\bson_cursor.hpp" />
    <ClInclude Include="jsoncons_ext\bson\bson_detail.hpp" />
    <ClInclude Include="jsoncons_ext\bson\bson_encoder.hpp" />
    <ClInclude Include="jsoncons_ext\bson\bson_error.hpp" />
    <ClInclude Include="jsoncons_ext\bson\bson_options.hpp" />
    <ClInclude Include="jsoncons_ext\bson\bson_parser.hpp" />
    <ClInclude Include="jsoncons_ext\bson\bson_reader.hpp" />
    <ClInclude Include="jsoncons_ext\bson\decode_bson.hpp" />
    <ClInclude Include="jsoncons_ext\bson\encode_bson.hpp" />
    <ClInclude Include="jsoncons_ext\cbor\cbor.hpp" />
    <ClInclude Include="jsoncons_ext\cbor\cbor_cursor.hpp" />
    <ClInclude Include="jsoncons_ext\cbor\cbor_detail.hpp" />
    <ClInclude Include="jsoncons_ext\cbor\cbor_encoder.hpp" />
    <ClInclude Include="jsoncons_ext\cbor\cbor_error.hpp" />
    <ClInclude Include="jsoncons_ext\cbor\cbor_options.hpp" />
    <ClInclude Include="jsoncons_ext\cbor\cbor_parser.hpp" />
    <ClInclude Include="jsoncons_ext\cbor\cbor_reader.hpp" />
    <ClInclude Include="jsoncons_ext\cbor\decode_cbor.hpp" />
    <ClInclude Include="jsoncons_ext\cbor\encode_cbor.hpp" />
    <ClInclude Include="jsoncons_ext\csv\csv.hpp" />
    <ClInclude Include="jsoncons_ext\csv\csv_cursor.hpp" />
    <ClInclude Include="jsoncons_ext\csv\csv_encoder.hpp" />
    <ClInclude Include="jsoncons_ext\csv\csv_error.hpp" />
    <ClInclude Include="jsoncons_ext\csv\csv_options.hpp" />
    <ClInclude Include="jsoncons_ext\csv\csv_parser.hpp" />
    <ClInclude Include="jsoncons_ext\csv\csv_reader.hpp" />
    <ClInclude Include="jsoncons_ext\csv\csv_serializer.hpp" />
    <ClInclude Include="jsoncons_ext\csv\decode_csv.hpp" />
    <ClInclude Include="jsoncons_ext\csv\encode_csv.hpp" />
    <ClInclude Include="jsoncons_ext\jmespath\jmespath.hpp" />
    <ClInclude Include="jsoncons_ext\jmespath\jmespath_error.hpp" />
    <ClInclude Include="jsoncons_ext\jsonpatch\jsonpatch.hpp" />
    <ClInclude Include="jsoncons_ext\jsonpatch\jsonpatch_error.hpp" />
    <ClInclude Include="jsoncons_ext\jsonpath\flatten.hpp" />
    <ClInclude Include="jsoncons_ext\jsonpath\jsonpath.hpp" />
    <ClInclude Include="jsoncons_ext\jsonpath\jsonpath_error.hpp" />
    <ClInclude Include="jsoncons_ext\jsonpath\jsonpath_function.hpp" />
    <ClInclude Include="jsoncons_ext\jsonpointer\jsonpointer_error.hpp" />
    <ClInclude Include="jsoncons_ext\msgpack\decode_msgpack.hpp" />
    <ClInclude Include="jsoncons_ext\msgpack\encode_msgpack.hpp" />
    <ClInclude Include="jsoncons_ext\msgpack\msgpack.hpp" />
    <ClInclude Include="jsoncons_ext\msgpack\msgpack_cursor.hpp" />
    <ClInclude Include="jsoncons_ext\msgpack\msgpack_detail.hpp" />
    <ClInclude Include="jsoncons_ext\msgpack\msgpack_encoder.hpp" />
    <ClInclude Include="jsoncons_ext\msgpack\msgpack_error.hpp" />
    <ClInclude Include="jsoncons_ext\msgpack\msgpack_options.hpp" />
    <ClInclude Include="jsoncons_ext\msgpack\msgpack_parser.hpp" />
    <ClInclude Include="jsoncons_ext\msgpack\msgpack_reader.hpp" />
    <ClInclude Include="jsoncons_ext\ubjson\decode_ubjson.hpp" />
    <ClInclude Include="jsoncons_ext\ubjson\encode_ubjson.hpp" />
    <ClInclude Include="jsoncons_ext\ubjson\ubjson.hpp" />
    <ClInclude Include="jsoncons_ext\ubjson\ubjson_cursor.hpp" />
    <ClInclude Include="jsoncons_ext\ubjson\ubjson_detail.hpp" />
    <ClInclude Include="jsoncons_ext\ubjson\ubjson_encoder.hpp" />
    <ClInclude Include="jsoncons_ext\ubjson\ubjson_error.hpp" />
    <ClInclude Include="jsoncons_ext\ubjson\ubjson_options.hpp" />
    <ClInclude Include="jsoncons_ext\ubjson\ubjson_parser.hpp" />
    <ClInclude Include="jsoncons_ext\ubjson\ubjson_reader.hpp" />
  </ItemGroup>
  <ItemGroup>
    <None Include="CustomAction.def" />
    <None Include="jsoncons\json_decoder.hpp.orig" />
  </ItemGroup>
  <ItemGroup>
    <Filter Include="jsoncons">
      <UniqueIdentifier>{02e44810-1b41-4904-8988-b0adbc129b9f}</UniqueIdentifier>
    </Filter>
    <Filter Include="jsoncons\detail">
      <UniqueIdentifier>{d3205178-8c01-4867-a82f-c6dbaf1d683f}</UniqueIdentifier>
    </Filter>
    <Filter Include="jsoncons_ext">
      <UniqueIdentifier>{02e483a3-3118-4c7b-b536-fa85d80c4e2c}</UniqueIdentifier>
    </Filter>
    <Filter Include="jsoncons_ext\jsonpath">
      <UniqueIdentifier>{1a45fa6b-0b45-4eac-b8e7-71402189d2fb}</UniqueIdentifier>
    </Filter>
    <Filter Include="jsoncons_ext\jsonpointer">
      <UniqueIdentifier>{af733af0-d2b1-42ae-975b-eb1f06a5b348}</UniqueIdentifier>
    </Filter>
  </ItemGroup>
  <ItemGroup>
    <Image Include="jsoncons_ext\jmespath\jmespath_error.png" />
  </ItemGroup>
</Project>